
Microsoft Visual Studio Solution File, Format Version 12.00
# Visual Studio Version 17
VisualStudioVersion = 17.4.33122.133
MinimumVisualStudioVersion = 10.0.40219.1
Project("{FAE04EC0-301F-11D3-BF4B-00C04F79EFBC}") = "GitTest_2", "GitTest_2.csproj", "{CA32FEE4-54BE-44D5-A838-D0CCF4D2751C}"
EndProject
Global
	GlobalSection(SolutionConfigurationPlatforms) = preSolution
		Debug|Any CPU = Debug|Any CPU
		Release|Any CPU = Release|Any CPU
	EndGlobalSection
	GlobalSection(ProjectConfigurationPlatforms) = postSolution
		{CA32FEE4-54BE-44D5-A838-D0CCF4D2751C}.Debug|Any CPU.ActiveCfg = Debug|Any CPU
		{CA32FEE4-54BE-44D5-A838-D0CCF4D2751C}.Debug|Any CPU.Build.0 = Debug|Any CPU
		{CA32FEE4-54BE-44D5-A838-D0CCF4D2751C}.Release|Any CPU.ActiveCfg = Release|Any CPU
		{CA32FEE4-54BE-44D5-A838-D0CCF4D2751C}.Release|Any CPU.Build.0 = Release|Any CPU
	EndGlobalSection
	GlobalSection(SolutionProperties) = preSolution
		HideSolutionNode = FALSE
	EndGlobalSection
	GlobalSection(ExtensibilityGlobals) = postSolution
		SolutionGuid = {6CC32582-481D-4A36-95A2-1B37EBD8F5D5}
	EndGlobalSection
EndGlobal
